{
  "name": "sample-native-extension",
  "version": "0.0.1",
  "lockfileVersion": 1,
  "requires": true,
  "dependencies": {
    "@caas/service-client-angular": {
      "version": "file:../../libs/caas-service-client-angular-0.8.212.tgz",
      "integrity": "sha512-5wWhx845qwl2eo+IVJZPz/Z6cuxqIXgnc9xJ0efGRcmmDhYOEM9hXImreYhilNEvSZCMoYf1WKdVWF+96+nz9g==",
      "dev": true,
      "requires": {
        "tslib": "^2.0.0"
      }
    },
    "@upscale/web-storefront-sdk": {
      "version": "file:../../libs/upscale-web-storefront-sdk-0.0.1-BETA.11.tgz",
      "integrity": "sha512-Up6uMNqtCsO526lpGXu6Cfnbtfh3kdz0B7sYN8juC+0ubE1heQoUO2dPFvSWTgTSWIuElEoGlAiYRrCYl1mDZA==",
      "dev": true,
      "requires": {
        "tslib": "^2.0.0"
      }
    },
    "tslib": {
      "version": "2.3.1",
      "resolved": "https://registry.npmjs.org/tslib/-/tslib-2.3.1.tgz",
      "integrity": "sha512-77EbyPPpMz+FRFRuAFlWMtmgUWGe9UOG2Z25NqCwiIjRhOf5iKGuzSe5P2w1laq+FkRy4p+PCuVkJSGkzTEKVw=="
    }
  }
}
